
Microsoft Visual Studio Solution File, Format Version 12.00
# Visual Studio Version 17
VisualStudioVersion = 17.8.34601.278
MinimumVisualStudioVersion = 10.0.40219.1
Project("{FAE04EC0-301F-11D3-BF4B-00C04F79EFBC}") = "DACS", "DACS.csproj", "{FB78840E-B89A-4DB6-A9C5-AC5049D5DAD9}"
EndProject
Global
	GlobalSection(SolutionConfigurationPlatforms) = preSolution
		Debug|Any CPU = Debug|Any CPU
		Release|Any CPU = Release|Any CPU
	EndGlobalSection
	GlobalSection(ProjectConfigurationPlatforms) = postSolution
		{FB78840E-B89A-4DB6-A9C5-AC5049D5DAD9}.Debug|Any CPU.ActiveCfg = Debug|Any CPU
		{FB78840E-B89A-4DB6-A9C5-AC5049D5DAD9}.Debug|Any CPU.Build.0 = Debug|Any CPU
		{FB78840E-B89A-4DB6-A9C5-AC5049D5DAD9}.Release|Any CPU.ActiveCfg = Release|Any CPU
		{FB78840E-B89A-4DB6-A9C5-AC5049D5DAD9}.Release|Any CPU.Build.0 = Release|Any CPU
	EndGlobalSection
	GlobalSection(SolutionProperties) = preSolution
		HideSolutionNode = FALSE
	EndGlobalSection
	GlobalSection(ExtensibilityGlobals) = postSolution
		SolutionGuid = {2A3CFBB0-56B1-448F-988C-9A7795ABF245}
	EndGlobalSection
EndGlobal
